{
  "name": "mixedmessages",
  "version": "1.0.0",
  "lockfileVersion": 1,
  "requires": true,
  "dependencies": {
    "@types/pluralize": {
      "version": "0.0.29",
      "resolved": "https://registry.npmjs.org/@types/pluralize/-/pluralize-0.0.29.tgz",
      "integrity": "sha512-BYOID+l2Aco2nBik+iYS4SZX0Lf20KPILP5RGmM1IgzdwNdTs0eebiFriOPcej1sX9mLnSoiNte5zcFxssgpGA=="
    },
    "cmu-pronouncing-dictionary": {
      "version": "1.0.3",
      "resolved": "https://registry.npmjs.org/cmu-pronouncing-dictionary/-/cmu-pronouncing-dictionary-1.0.3.tgz",
      "integrity": "sha1-SbmXWcT9OTzkw5VVvxjSZDJt/2U="
    },
    "extractwords": {
      "version": "1.2.0",
      "resolved": "https://registry.npmjs.org/extractwords/-/extractwords-1.2.0.tgz",
      "integrity": "sha512-qq2bjOx1XfaB6F6KreQF5GhhM7ERdigDc5Ckm45uPtf2YHekGHlbkti8/TJzFXNW8dYsrD0q/5FQeBcby+EBEg=="
    },
    "normalize-strings": {
      "version": "1.1.1",
      "resolved": "https://registry.npmjs.org/normalize-strings/-/normalize-strings-1.1.1.tgz",
      "integrity": "sha512-fARPRdTwmrQDLYhmeh7j/eZwrCP6WzxD6uKOdK/hT/uKACAE9AG2Bc2dgqOZLkfmmctHpfcJ9w3AQnfLgg3GYg=="
    },
    "pluralize": {
      "version": "8.0.0",
      "resolved": "https://registry.npmjs.org/pluralize/-/pluralize-8.0.0.tgz",
      "integrity": "sha512-Nc3IT5yHzflTfbjgqWcCPpo7DaKy4FnpB0l/zCAW0Tc7jxAiuqSxHasntB3D7887LSrA93kDJ9IXovxJYxyLCA=="
    },
    "rhyming-part": {
      "version": "1.1.0",
      "resolved": "https://registry.npmjs.org/rhyming-part/-/rhyming-part-1.1.0.tgz",
      "integrity": "sha512-fT2iOHVkQb091grU4PihDSj4gnp9hiZK+ib4v/1499/SYXIvzmvm65fjp3SKSEbVoSqP+Ltev0/VU6cPRD8lrA==",
      "requires": {
        "cmu-pronouncing-dictionary": "^1.0.3",
        "extractwords": "^1.1.1"
      }
    },
    "syllable": {
      "version": "5.0.0",
      "resolved": "https://registry.npmjs.org/syllable/-/syllable-5.0.0.tgz",
      "integrity": "sha512-6teCJHZp57d2bUZr31IK535feERjJWa2VnWhJaZxndfwCpdcC3gSKAem1NCBvhpx/biMoi1BXkrHpEsYsVac6g==",
      "requires": {
        "@types/pluralize": "^0.0.29",
        "normalize-strings": "^1.1.0",
        "pluralize": "^8.0.0"
      }
    },
    "syllables": {
      "version": "1.0.0",
      "resolved": "https://registry.npmjs.org/syllables/-/syllables-1.0.0.tgz",
      "integrity": "sha512-Wzfo4STl63UZfi/H+ZIJfDomio/CjTjkkaMbFtIX7WUh9Aw7Qruwt/xfH5nhHrj/IeHEAF6mi0G6ziCyGz+Ksg==",
      "requires": {
        "cmu-pronouncing-dictionary": "^1.0.3",
        "extractwords": "^1.0.0"
      },
      "dependencies": {
        "cmu-pronouncing-dictionary": {
          "version": "1.0.3",
          "resolved": "https://registry.npmjs.org/cmu-pronouncing-dictionary/-/cmu-pronouncing-dictionary-1.0.3.tgz",
          "integrity": "sha1-SbmXWcT9OTzkw5VVvxjSZDJt/2U="
        }
      }
    },
    "word-list": {
      "version": "3.1.0",
      "resolved": "https://registry.npmjs.org/word-list/-/word-list-3.1.0.tgz",
      "integrity": "sha512-fm5Wqf3ema+SNTJ/WFMSL/mM4iVM+yBRyEI/KjrJTPPLsn72GbNBBK94vORD7nUc9DxE7r3H2MpuiVtiA9FzDg=="
    }
  }
}
