{
  "name": "mixedmessages",
  "version": "1.0.0",
  "lockfileVersion": 1,
  "requires": true,
  "dependencies": {
    "@types/pluralize": {
      "version": "0.0.29",
      "resolved": "https://registry.npmjs.org/@types/pluralize/-/pluralize-0.0.29.tgz",
      "integrity": "sha512-BYOID+l2Aco2nBik+iYS4SZX0Lf20KPILP5RGmM1IgzdwNdTs0eebiFriOPcej1sX9mLnSoiNte5zcFxssgpGA=="
    },
    "cmu-pronouncing-dictionary": {
      "version": "1.0.3",
      "resolved": "https://registry.npmjs.org/cmu-pronouncing-dictionary/-/cmu-pronouncing-dictionary-1.0.3.tgz",
      "integrity": "sha1-SbmXWcT9OTzkw5VVvxjSZDJt/2U="
    },
    "commander": {
      "version": "2.20.3",
      "resolved": "https://registry.npmjs.org/commander/-/commander-2.20.3.tgz",
      "integrity": "sha512-GpVkmM8vF2vQUkj2LvZmD35JxeJOLCwJ9cUkugyk2nuhbv3+mJvpLYYt+0+USMxE+oj+ey/lJEnhZw75x/OMcQ=="
    },
    "extractwords": {
      "version": "1.2.0",
      "resolved": "https://registry.npmjs.org/extractwords/-/extractwords-1.2.0.tgz",
      "integrity": "sha512-qq2bjOx1XfaB6F6KreQF5GhhM7ERdigDc5Ckm45uPtf2YHekGHlbkti8/TJzFXNW8dYsrD0q/5FQeBcby+EBEg=="
    },
    "normalize-strings": {
      "version": "1.1.1",
      "resolved": "https://registry.npmjs.org/normalize-strings/-/normalize-strings-1.1.1.tgz",
      "integrity": "sha512-fARPRdTwmrQDLYhmeh7j/eZwrCP6WzxD6uKOdK/hT/uKACAE9AG2Bc2dgqOZLkfmmctHpfcJ9w3AQnfLgg3GYg=="
    },
    "pluralize": {
      "version": "8.0.0",
      "resolved": "https://registry.npmjs.org/pluralize/-/pluralize-8.0.0.tgz",
      "integrity": "sha512-Nc3IT5yHzflTfbjgqWcCPpo7DaKy4FnpB0l/zCAW0Tc7jxAiuqSxHasntB3D7887LSrA93kDJ9IXovxJYxyLCA=="
    },
    "rhyming-part": {
      "version": "1.1.0",
      "resolved": "https://registry.npmjs.org/rhyming-part/-/rhyming-part-1.1.0.tgz",
      "integrity": "sha512-fT2iOHVkQb091grU4PihDSj4gnp9hiZK+ib4v/1499/SYXIvzmvm65fjp3SKSEbVoSqP+Ltev0/VU6cPRD8lrA==",
      "requires": {
        "cmu-pronouncing-dictionary": "^1.0.3",
        "extractwords": "^1.1.1"
      }
    },
    "syllable": {
      "version": "5.0.0",
      "resolved": "https://registry.npmjs.org/syllable/-/syllable-5.0.0.tgz",
      "integrity": "sha512-6teCJHZp57d2bUZr31IK535feERjJWa2VnWhJaZxndfwCpdcC3gSKAem1NCBvhpx/biMoi1BXkrHpEsYsVac6g==",
      "requires": {
        "@types/pluralize": "^0.0.29",
        "normalize-strings": "^1.1.0",
        "pluralize": "^8.0.0"
      }
    },
    "syllables": {
      "version": "1.0.0",
      "resolved": "https://registry.npmjs.org/syllables/-/syllables-1.0.0.tgz",
      "integrity": "sha512-Wzfo4STl63UZfi/H+ZIJfDomio/CjTjkkaMbFtIX7WUh9Aw7Qruwt/xfH5nhHrj/IeHEAF6mi0G6ziCyGz+Ksg==",
      "requires": {
        "cmu-pronouncing-dictionary": "^1.0.3",
        "extractwords": "^1.0.0"
      },
      "dependencies": {
        "cmu-pronouncing-dictionary": {
          "version": "1.0.3",
          "resolved": "https://registry.npmjs.org/cmu-pronouncing-dictionary/-/cmu-pronouncing-dictionary-1.0.3.tgz",
          "integrity": "sha1-SbmXWcT9OTzkw5VVvxjSZDJt/2U="
        }
      }
    },
    "underscore": {
      "version": "1.13.1",
      "resolved": "https://registry.npmjs.org/underscore/-/underscore-1.13.1.tgz",
      "integrity": "sha512-hzSoAVtJF+3ZtiFX0VgfFPHEDRm7Y/QPjGyNo4TVdnDTdft3tr8hEkD25a1jC+TjTuE7tkHGKkhwCgs9dgBB2g=="
    },
    "wordnet-db": {
      "version": "3.1.14",
      "resolved": "https://registry.npmjs.org/wordnet-db/-/wordnet-db-3.1.14.tgz",
      "integrity": "sha512-zVyFsvE+mq9MCmwXUWHIcpfbrHHClZWZiVOzKSxNJruIcFn2RbY55zkhiAMMxM8zCVSmtNiViq8FsAZSFpMYag=="
    },
    "wordpos": {
      "version": "2.1.0",
      "resolved": "https://registry.npmjs.org/wordpos/-/wordpos-2.1.0.tgz",
      "integrity": "sha512-0fGpg8Fv7vT8dFBw1fl3JX2ooqbtcWXUFUOzoD5O6CQ+0QIV9h+MC2N3zHmcD6+295OYzfXXxKSQJiim0nakJA==",
      "requires": {
        "commander": "^2.20.3",
        "underscore": ">=1.3.1",
        "wordnet-db": "^3.1.14"
      }
    }
  }
}
